// !$*UTF8*$!
{
	archiveVersion = 1;
	classes = {
	};
	objectVersion = 56;
	objects = {

/* Begin PBXBuildFile section */
		85B31A6A2A8E7104007FBD0E /* AppDelegate.swift in Sources */ = {isa = PBXBuildFile; fileRef = 85B31A692A8E7104007FBD0E /* AppDelegate.swift */; };
		85B31A6C2A8E7104007FBD0E /* SceneDelegate.swift in Sources */ = {isa = PBXBuildFile; fileRef = 85B31A6B2A8E7104007FBD0E /* SceneDelegate.swift */; };
		85B31A6E2A8E7104007FBD0E /* ItemViewController.swift in Sources */ = {isa = PBXBuildFile; fileRef = 85B31A6D2A8E7104007FBD0E /* ItemViewController.swift */; };
		85B31A712A8E7104007FBD0E /* Main.storyboard in Resources */ = {isa = PBXBuildFile; fileRef = 85B31A6F2A8E7104007FBD0E /* Main.storyboard */; };
		85B31A732A8E7106007FBD0E /* Assets.xcassets in Resources */ = {isa = PBXBuildFile; fileRef = 85B31A722A8E7106007FBD0E /* Assets.xcassets */; };
		85B31A762A8E7106007FBD0E /* LaunchScreen.storyboard in Resources */ = {isa = PBXBuildFile; fileRef = 85B31A742A8E7106007FBD0E /* LaunchScreen.storyboard */; };
		85B31A812A8E7107007FBD0E /* RealmKakeiboTests.swift in Sources */ = {isa = PBXBuildFile; fileRef = 85B31A802A8E7107007FBD0E /* RealmKakeiboTests.swift */; };
		85B31A8B2A8E7107007FBD0E /* RealmKakeiboUITests.swift in Sources */ = {isa = PBXBuildFile; fileRef = 85B31A8A2A8E7107007FBD0E /* RealmKakeiboUITests.swift */; };
		85B31A8D2A8E7107007FBD0E /* RealmKakeiboUITestsLaunchTests.swift in Sources */ = {isa = PBXBuildFile; fileRef = 85B31A8C2A8E7107007FBD0E /* RealmKakeiboUITestsLaunchTests.swift */; };
		85B31A9B2A8E736F007FBD0E /* Realm in Frameworks */ = {isa = PBXBuildFile; productRef = 85B31A9A2A8E736F007FBD0E /* Realm */; };
		85B31A9D2A8E736F007FBD0E /* RealmSwift in Frameworks */ = {isa = PBXBuildFile; productRef = 85B31A9C2A8E736F007FBD0E /* RealmSwift */; };
		85B31A9F2A8E7812007FBD0E /* ShoppingItem.swift in Sources */ = {isa = PBXBuildFile; fileRef = 85B31A9E2A8E7812007FBD0E /* ShoppingItem.swift */; };
		85B31AA22A8E7CC1007FBD0E /* ItemTableViewCell.swift in Sources */ = {isa = PBXBuildFile; fileRef = 85B31AA02A8E7CC1007FBD0E /* ItemTableViewCell.swift */; };
		85B31AA32A8E7CC1007FBD0E /* ItemTableViewCell.xib in Resources */ = {isa = PBXBuildFile; fileRef = 85B31AA12A8E7CC1007FBD0E /* ItemTableViewCell.xib */; };
		85DB3E2A2A8FBD2E00C7F05A /* NewItemViewController.swift in Sources */ = {isa = PBXBuildFile; fileRef = 85DB3E292A8FBD2E00C7F05A /* NewItemViewController.swift */; };
		85DB3E2C2A8FC42A00C7F05A /* Category.swift in Sources */ = {isa = PBXBuildFile; fileRef = 85DB3E2B2A8FC42A00C7F05A /* Category.swift */; };
		85DB3E2E2A8FC78800C7F05A /* CategoryViewController.swift in Sources */ = {isa = PBXBuildFile; fileRef = 85DB3E2D2A8FC78800C7F05A /* CategoryViewController.swift */; };
		85DB3E302A8FCB6E00C7F05A /* NewCategoryViewController.swift in Sources */ = {isa = PBXBuildFile; fileRef = 85DB3E2F2A8FCB6E00C7F05A /* NewCategoryViewController.swift */; };
/* End PBXBuildFile section */

/* Begin PBXContainerItemProxy section */
		85B31A7D2A8E7107007FBD0E /* PBXContainerItemProxy */ = {
			isa = PBXContainerItemProxy;
			containerPortal = 85B31A5E2A8E7104007FBD0E /* Project object */;
			proxyType = 1;
			remoteGlobalIDString = 85B31A652A8E7104007FBD0E;
			remoteInfo = RealmKakeibo;
		};
		85B31A872A8E7107007FBD0E /* PBXContainerItemProxy */ = {
			isa = PBXContainerItemProxy;
			containerPortal = 85B31A5E2A8E7104007FBD0E /* Project object */;
			proxyType = 1;
			remoteGlobalIDString = 85B31A652A8E7104007FBD0E;
			remoteInfo = RealmKakeibo;
		};
/* End PBXContainerItemProxy section */

/* Begin PBXFileReference section */
		85B31A662A8E7104007FBD0E /* RealmKakeibo.app */ = {isa = PBXFileReference; explicitFileType = wrapper.application; includeInIndex = 0; path = RealmKakeibo.app; sourceTree = BUILT_PRODUCTS_DIR; };
		85B31A692A8E7104007FBD0E /* AppDelegate.swift */ = {isa = PBXFileReference; lastKnownFileType = sourcecode.swift; path = AppDelegate.swift; sourceTree = "<group>"; };
		85B31A6B2A8E7104007FBD0E /* SceneDelegate.swift */ = {isa = PBXFileReference; lastKnownFileType = sourcecode.swift; path = SceneDelegate.swift; sourceTree = "<group>"; };
		85B31A6D2A8E7104007FBD0E /* ItemViewController.swift */ = {isa = PBXFileReference; lastKnownFileType = sourcecode.swift; path = ItemViewController.swift; sourceTree = "<group>"; };
		85B31A702A8E7104007FBD0E /* Base */ = {isa = PBXFileReference; lastKnownFileType = file.storyboard; name = Base; path = Base.lproj/Main.storyboard; sourceTree = "<group>"; };
		85B31A722A8E7106007FBD0E /* Assets.xcassets */ = {isa = PBXFileReference; lastKnownFileType = folder.assetcatalog; path = Assets.xcassets; sourceTree = "<group>"; };
		85B31A752A8E7106007FBD0E /* Base */ = {isa = PBXFileReference; lastKnownFileType = file.storyboard; name = Base; path = Base.lproj/LaunchScreen.storyboard; sourceTree = "<group>"; };
		85B31A772A8E7106007FBD0E /* Info.plist */ = {isa = PBXFileReference; lastKnownFileType = text.plist.xml; path = Info.plist; sourceTree = "<group>"; };
		85B31A7C2A8E7107007FBD0E /* RealmKakeiboTests.xctest */ = {isa = PBXFileReference; explicitFileType = wrapper.cfbundle; includeInIndex = 0; path = RealmKakeiboTests.xctest; sourceTree = BUILT_PRODUCTS_DIR; };
		85B31A802A8E7107007FBD0E /* RealmKakeiboTests.swift */ = {isa = PBXFileReference; lastKnownFileType = sourcecode.swift; path = RealmKakeiboTests.swift; sourceTree = "<group>"; };
		85B31A862A8E7107007FBD0E /* RealmKakeiboUITests.xctest */ = {isa = PBXFileReference; explicitFileType = wrapper.cfbundle; includeInIndex = 0; path = RealmKakeiboUITests.xctest; sourceTree = BUILT_PRODUCTS_DIR; };
		85B31A8A2A8E7107007FBD0E /* RealmKakeiboUITests.swift */ = {isa = PBXFileReference; lastKnownFileType = sourcecode.swift; path = RealmKakeiboUITests.swift; sourceTree = "<group>"; };
		85B31A8C2A8E7107007FBD0E /* RealmKakeiboUITestsLaunchTests.swift */ = {isa = PBXFileReference; lastKnownFileType = sourcecode.swift; path = RealmKakeiboUITestsLaunchTests.swift; sourceTree = "<group>"; };
		85B31A9E2A8E7812007FBD0E /* ShoppingItem.swift */ = {isa = PBXFileReference; lastKnownFileType = sourcecode.swift; path = ShoppingItem.swift; sourceTree = "<group>"; };
		85B31AA02A8E7CC1007FBD0E /* ItemTableViewCell.swift */ = {isa = PBXFileReference; lastKnownFileType = sourcecode.swift; path = ItemTableViewCell.swift; sourceTree = "<group>"; };
		85B31AA12A8E7CC1007FBD0E /* ItemTableViewCell.xib */ = {isa = PBXFileReference; lastKnownFileType = file.xib; path = ItemTableViewCell.xib; sourceTree = "<group>"; };
		85DB3E292A8FBD2E00C7F05A /* NewItemViewController.swift */ = {isa = PBXFileReference; lastKnownFileType = sourcecode.swift; path = NewItemViewController.swift; sourceTree = "<group>"; };
		85DB3E2B2A8FC42A00C7F05A /* Category.swift */ = {isa = PBXFileReference; lastKnownFileType = sourcecode.swift; path = Category.swift; sourceTree = "<group>"; };
		85DB3E2D2A8FC78800C7F05A /* CategoryViewController.swift */ = {isa = PBXFileReference; lastKnownFileType = sourcecode.swift; path = CategoryViewController.swift; sourceTree = "<group>"; };
		85DB3E2F2A8FCB6E00C7F05A /* NewCategoryViewController.swift */ = {isa = PBXFileReference; lastKnownFileType = sourcecode.swift; path = NewCategoryViewController.swift; sourceTree = "<group>"; };
/* End PBXFileReference section */

/* Begin PBXFrameworksBuildPhase section */
		85B31A632A8E7104007FBD0E /* Frameworks */ = {
			isa = PBXFrameworksBuildPhase;
			buildActionMask = 2147483647;
			files = (
				85B31A9D2A8E736F007FBD0E /* RealmSwift in Frameworks */,
				85B31A9B2A8E736F007FBD0E /* Realm in Frameworks */,
			);
			runOnlyForDeploymentPostprocessing = 0;
		};
		85B31A792A8E7107007FBD0E /* Frameworks */ = {
			isa = PBXFrameworksBuildPhase;
			buildActionMask = 2147483647;
			files = (
			);
			runOnlyForDeploymentPostprocessing = 0;
		};
		85B31A832A8E7107007FBD0E /* Frameworks */ = {
			isa = PBXFrameworksBuildPhase;
			buildActionMask = 2147483647;
			files = (
			);
			runOnlyForDeploymentPostprocessing = 0;
		};
/* End PBXFrameworksBuildPhase section */

/* Begin PBXGroup section */
		85B31A5D2A8E7104007FBD0E = {
			isa = PBXGroup;
			children = (
				85B31A682A8E7104007FBD0E /* RealmKakeibo */,
				85B31A7F2A8E7107007FBD0E /* RealmKakeiboTests */,
				85B31A892A8E7107007FBD0E /* RealmKakeiboUITests */,
				85B31A672A8E7104007FBD0E /* Products */,
			);
			sourceTree = "<group>";
		};
		85B31A672A8E7104007FBD0E /* Products */ = {
			isa = PBXGroup;
			children = (
				85B31A662A8E7104007FBD0E /* RealmKakeibo.app */,
				85B31A7C2A8E7107007FBD0E /* RealmKakeiboTests.xctest */,
				85B31A862A8E7107007FBD0E /* RealmKakeiboUITests.xctest */,
			);
			name = Products;
			sourceTree = "<group>";
		};
		85B31A682A8E7104007FBD0E /* RealmKakeibo */ = {
			isa = PBXGroup;
			children = (
				85B31A692A8E7104007FBD0E /* AppDelegate.swift */,
				85B31A6B2A8E7104007FBD0E /* SceneDelegate.swift */,
				85B31A6D2A8E7104007FBD0E /* ItemViewController.swift */,
				85B31A6F2A8E7104007FBD0E /* Main.storyboard */,
				85B31A722A8E7106007FBD0E /* Assets.xcassets */,
				85B31A742A8E7106007FBD0E /* LaunchScreen.storyboard */,
				85B31A772A8E7106007FBD0E /* Info.plist */,
				85B31A9E2A8E7812007FBD0E /* ShoppingItem.swift */,
				85B31AA02A8E7CC1007FBD0E /* ItemTableViewCell.swift */,
				85B31AA12A8E7CC1007FBD0E /* ItemTableViewCell.xib */,
				85DB3E292A8FBD2E00C7F05A /* NewItemViewController.swift */,
				85DB3E2B2A8FC42A00C7F05A /* Category.swift */,
				85DB3E2D2A8FC78800C7F05A /* CategoryViewController.swift */,
				85DB3E2F2A8FCB6E00C7F05A /* NewCategoryViewController.swift */,
			);
			path = RealmKakeibo;
			sourceTree = "<group>";
		};
		85B31A7F2A8E7107007FBD0E /* RealmKakeiboTests */ = {
			isa = PBXGroup;
			children = (
				85B31A802A8E7107007FBD0E /* RealmKakeiboTests.swift */,
			);
			path = RealmKakeiboTests;
			sourceTree = "<group>";
		};
		85B31A892A8E7107007FBD0E /* RealmKakeiboUITests */ = {
			isa = PBXGroup;
			children = (
				85B31A8A2A8E7107007FBD0E /* RealmKakeiboUITests.swift */,
				85B31A8C2A8E7107007FBD0E /* RealmKakeiboUITestsLaunchTests.swift */,
			);
			path = RealmKakeiboUITests;
			sourceTree = "<group>";
		};
/* End PBXGroup section */

/* Begin PBXNativeTarget section */
		85B31A652A8E7104007FBD0E /* RealmKakeibo */ = {
			isa = PBXNativeTarget;
			buildConfigurationList = 85B31A902A8E7107007FBD0E /* Build configuration list for PBXNativeTarget "RealmKakeibo" */;
			buildPhases = (
				85B31A622A8E7104007FBD0E /* Sources */,
				85B31A632A8E7104007FBD0E /* Frameworks */,
				85B31A642A8E7104007FBD0E /* Resources */,
			);
			buildRules = (
			);
			dependencies = (
			);
			name = RealmKakeibo;
			packageProductDependencies = (
				85B31A9A2A8E736F007FBD0E /* Realm */,
				85B31A9C2A8E736F007FBD0E /* RealmSwift */,
			);
			productName = RealmKakeibo;
			productReference = 85B31A662A8E7104007FBD0E /* RealmKakeibo.app */;
			productType = "com.apple.product-type.application";
		};
		85B31A7B2A8E7107007FBD0E /* RealmKakeiboTests */ = {
			isa = PBXNativeTarget;
			buildConfigurationList = 85B31A932A8E7107007FBD0E /* Build configuration list for PBXNativeTarget "RealmKakeiboTests" */;
			buildPhases = (
				85B31A782A8E7107007FBD0E /* Sources */,
				85B31A792A8E7107007FBD0E /* Frameworks */,
				85B31A7A2A8E7107007FBD0E /* Resources */,
			);
			buildRules = (
			);
			dependencies = (
				85B31A7E2A8E7107007FBD0E /* PBXTargetDependency */,
			);
			name = RealmKakeiboTests;
			productName = RealmKakeiboTests;
			productReference = 85B31A7C2A8E7107007FBD0E /* RealmKakeiboTests.xctest */;
			productType = "com.apple.product-type.bundle.unit-test";
		};
		85B31A852A8E7107007FBD0E /* RealmKakeiboUITests */ = {
			isa = PBXNativeTarget;
			buildConfigurationList = 85B31A962A8E7107007FBD0E /* Build configuration list for PBXNativeTarget "RealmKakeiboUITests" */;
			buildPhases = (
				85B31A822A8E7107007FBD0E /* Sources */,
				85B31A832A8E7107007FBD0E /* Frameworks */,
				85B31A842A8E7107007FBD0E /* Resources */,
			);
			buildRules = (
			);
			dependencies = (
				85B31A882A8E7107007FBD0E /* PBXTargetDependency */,
			);
			name = RealmKakeiboUITests;
			productName = RealmKakeiboUITests;
			productReference = 85B31A862A8E7107007FBD0E /* RealmKakeiboUITests.xctest */;
			productType = "com.apple.product-type.bundle.ui-testing";
		};
/* End PBXNativeTarget section */

/* Begin PBXProject section */
		85B31A5E2A8E7104007FBD0E /* Project object */ = {
			isa = PBXProject;
			attributes = {
				BuildIndependentTargetsInParallel = 1;
				LastSwiftUpdateCheck = 1430;
				LastUpgradeCheck = 1430;
				TargetAttributes = {
					85B31A652A8E7104007FBD0E = {
						CreatedOnToolsVersion = 14.3.1;
					};
					85B31A7B2A8E7107007FBD0E = {
						CreatedOnToolsVersion = 14.3.1;
						TestTargetID = 85B31A652A8E7104007FBD0E;
					};
					85B31A852A8E7107007FBD0E = {
						CreatedOnToolsVersion = 14.3.1;
						TestTargetID = 85B31A652A8E7104007FBD0E;
					};
				};
			};
			buildConfigurationList = 85B31A612A8E7104007FBD0E /* Build configuration list for PBXProject "RealmKakeibo" */;
			compatibilityVersion = "Xcode 14.0";
			developmentRegion = en;
			hasScannedForEncodings = 0;
			knownRegions = (
				en,
				Base,
			);
			mainGroup = 85B31A5D2A8E7104007FBD0E;
			packageReferences = (
				85B31A992A8E736F007FBD0E /* XCRemoteSwiftPackageReference "realm-swift" */,
			);
			productRefGroup = 85B31A672A8E7104007FBD0E /* Products */;
			projectDirPath = "";
			projectRoot = "";
			targets = (
				85B31A652A8E7104007FBD0E /* RealmKakeibo */,
				85B31A7B2A8E7107007FBD0E /* RealmKakeiboTests */,
				85B31A852A8E7107007FBD0E /* RealmKakeiboUITests */,
			);
		};
/* End PBXProject section */

/* Begin PBXResourcesBuildPhase section */
		85B31A642A8E7104007FBD0E /* Resources */ = {
			isa = PBXResourcesBuildPhase;
			buildActionMask = 2147483647;
			files = (
				85B31AA32A8E7CC1007FBD0E /* ItemTableViewCell.xib in Resources */,
				85B31A762A8E7106007FBD0E /* LaunchScreen.storyboard in Resources */,
				85B31A732A8E7106007FBD0E /* Assets.xcassets in Resources */,
				85B31A712A8E7104007FBD0E /* Main.storyboard in Resources */,
			);
			runOnlyForDeploymentPostprocessing = 0;
		};
		85B31A7A2A8E7107007FBD0E /* Resources */ = {
			isa = PBXResourcesBuildPhase;
			buildActionMask = 2147483647;
			files = (
			);
			runOnlyForDeploymentPostprocessing = 0;
		};
		85B31A842A8E7107007FBD0E /* Resources */ = {
			isa = PBXResourcesBuildPhase;
			buildActionMask = 2147483647;
			files = (
			);
			runOnlyForDeploymentPostprocessing = 0;
		};
/* End PBXResourcesBuildPhase section */

/* Begin PBXSourcesBuildPhase section */
		85B31A622A8E7104007FBD0E /* Sources */ = {
			isa = PBXSourcesBuildPhase;
			buildActionMask = 2147483647;
			files = (
				85B31A9F2A8E7812007FBD0E /* ShoppingItem.swift in Sources */,
				85DB3E302A8FCB6E00C7F05A /* NewCategoryViewController.swift in Sources */,
				85B31A6E2A8E7104007FBD0E /* ItemViewController.swift in Sources */,
				85DB3E2A2A8FBD2E00C7F05A /* NewItemViewController.swift in Sources */,
				85B31AA22A8E7CC1007FBD0E /* ItemTableViewCell.swift in Sources */,
				85DB3E2E2A8FC78800C7F05A /* CategoryViewController.swift in Sources */,
				85B31A6A2A8E7104007FBD0E /* AppDelegate.swift in Sources */,
				85B31A6C2A8E7104007FBD0E /* SceneDelegate.swift in Sources */,
				85DB3E2C2A8FC42A00C7F05A /* Category.swift in Sources */,
			);
			runOnlyForDeploymentPostprocessing = 0;
		};
		85B31A782A8E7107007FBD0E /* Sources */ = {
			isa = PBXSourcesBuildPhase;
			buildActionMask = 2147483647;
			files = (
				85B31A812A8E7107007FBD0E /* RealmKakeiboTests.swift in Sources */,
			);
			runOnlyForDeploymentPostprocessing = 0;
		};
		85B31A822A8E7107007FBD0E /* Sources */ = {
			isa = PBXSourcesBuildPhase;
			buildActionMask = 2147483647;
			files = (
				85B31A8B2A8E7107007FBD0E /* RealmKakeiboUITests.swift in Sources */,
				85B31A8D2A8E7107007FBD0E /* RealmKakeiboUITestsLaunchTests.swift in Sources */,
			);
			runOnlyForDeploymentPostprocessing = 0;
		};
/* End PBXSourcesBuildPhase section */

/* Begin PBXTargetDependency section */
		85B31A7E2A8E7107007FBD0E /* PBXTargetDependency */ = {
			isa = PBXTargetDependency;
			target = 85B31A652A8E7104007FBD0E /* RealmKakeibo */;
			targetProxy = 85B31A7D2A8E7107007FBD0E /* PBXContainerItemProxy */;
		};
		85B31A882A8E7107007FBD0E /* PBXTargetDependency */ = {
			isa = PBXTargetDependency;
			target = 85B31A652A8E7104007FBD0E /* RealmKakeibo */;
			targetProxy = 85B31A872A8E7107007FBD0E /* PBXContainerItemProxy */;
		};
/* End PBXTargetDependency section */

/* Begin PBXVariantGroup section */
		85B31A6F2A8E7104007FBD0E /* Main.storyboard */ = {
			isa = PBXVariantGroup;
			children = (
				85B31A702A8E7104007FBD0E /* Base */,
			);
			name = Main.storyboard;
			sourceTree = "<group>";
		};
		85B31A742A8E7106007FBD0E /* LaunchScreen.storyboard */ = {
			isa = PBXVariantGroup;
			children = (
				85B31A752A8E7106007FBD0E /* Base */,
			);
			name = LaunchScreen.storyboard;
			sourceTree = "<group>";
		};
/* End PBXVariantGroup section */

/* Begin XCBuildConfiguration section */
		85B31A8E2A8E7107007FBD0E /* Debug */ = {
			isa = XCBuildConfiguration;
			buildSettings = {
				ALWAYS_SEARCH_USER_PATHS = NO;
				CLANG_ANALYZER_NONNULL = YES;
				CLANG_ANALYZER_NUMBER_OBJECT_CONVERSION = YES_AGGRESSIVE;
				CLANG_CXX_LANGUAGE_STANDARD = "gnu++20";
				CLANG_ENABLE_MODULES = YES;
				CLANG_ENABLE_OBJC_ARC = YES;
				CLANG_ENABLE_OBJC_WEAK = YES;
				CLANG_WARN_BLOCK_CAPTURE_AUTORELEASING = YES;
				CLANG_WARN_BOOL_CONVERSION = YES;
				CLANG_WARN_COMMA = YES;
				CLANG_WARN_CONSTANT_CONVERSION = YES;
				CLANG_WARN_DEPRECATED_OBJC_IMPLEMENTATIONS = YES;
				CLANG_WARN_DIRECT_OBJC_ISA_USAGE = YES_ERROR;
				CLANG_WARN_DOCUMENTATION_COMMENTS = YES;
				CLANG_WARN_EMPTY_BODY = YES;
				CLANG_WARN_ENUM_CONVERSION = YES;
				CLANG_WARN_INFINITE_RECURSION = YES;
				CLANG_WARN_INT_CONVERSION = YES;
				CLANG_WARN_NON_LITERAL_NULL_CONVERSION = YES;
				CLANG_WARN_OBJC_IMPLICIT_RETAIN_SELF = YES;
				CLANG_WARN_OBJC_LITERAL_CONVERSION = YES;
				CLANG_WARN_OBJC_ROOT_CLASS = YES_ERROR;
				CLANG_WARN_QUOTED_INCLUDE_IN_FRAMEWORK_HEADER = YES;
				CLANG_WARN_RANGE_LOOP_ANALYSIS = YES;
				CLANG_WARN_STRICT_PROTOTYPES = YES;
				CLANG_WARN_SUSPICIOUS_MOVE = YES;
				CLANG_WARN_UNGUARDED_AVAILABILITY = YES_AGGRESSIVE;
				CLANG_WARN_UNREACHABLE_CODE = YES;
				CLANG_WARN__DUPLICATE_METHOD_MATCH = YES;
				COPY_PHASE_STRIP = NO;
				DEBUG_INFORMATION_FORMAT = dwarf;
				ENABLE_STRICT_OBJC_MSGSEND = YES;
				ENABLE_TESTABILITY = YES;
				GCC_C_LANGUAGE_STANDARD = gnu11;
				GCC_DYNAMIC_NO_PIC = NO;
				GCC_NO_COMMON_BLOCKS = YES;
				GCC_OPTIMIZATION_LEVEL = 0;
				GCC_PREPROCESSOR_DEFINITIONS = (
					"DEBUG=1",
					"$(inherited)",
				);
				GCC_WARN_64_TO_32_BIT_CONVERSION = YES;
				GCC_WARN_ABOUT_RETURN_TYPE = YES_ERROR;
				GCC_WARN_UNDECLARED_SELECTOR = YES;
				GCC_WARN_UNINITIALIZED_AUTOS = YES_AGGRESSIVE;
				GCC_WARN_UNUSED_FUNCTION = YES;
				GCC_WARN_UNUSED_VARIABLE = YES;
				IPHONEOS_DEPLOYMENT_TARGET = 16.4;
				MTL_ENABLE_DEBUG_INFO = INCLUDE_SOURCE;
				MTL_FAST_MATH = YES;
				ONLY_ACTIVE_ARCH = YES;
				SDKROOT = iphoneos;
				SWIFT_ACTIVE_COMPILATION_CONDITIONS = DEBUG;
				SWIFT_OPTIMIZATION_LEVEL = "-Onone";
			};
			name = Debug;
		};
		85B31A8F2A8E7107007FBD0E /* Release */ = {
			isa = XCBuildConfiguration;
			buildSettings = {
				ALWAYS_SEARCH_USER_PATHS = NO;
				CLANG_ANALYZER_NONNULL = YES;
				CLANG_ANALYZER_NUMBER_OBJECT_CONVERSION = YES_AGGRESSIVE;
				CLANG_CXX_LANGUAGE_STANDARD = "gnu++20";
				CLANG_ENABLE_MODULES = YES;
				CLANG_ENABLE_OBJC_ARC = YES;
				CLANG_ENABLE_OBJC_WEAK = YES;
				CLANG_WARN_BLOCK_CAPTURE_AUTORELEASING = YES;
				CLANG_WARN_BOOL_CONVERSION = YES;
				CLANG_WARN_COMMA = YES;
				CLANG_WARN_CONSTANT_CONVERSION = YES;
				CLANG_WARN_DEPRECATED_OBJC_IMPLEMENTATIONS = YES;
				CLANG_WARN_DIRECT_OBJC_ISA_USAGE = YES_ERROR;
				CLANG_WARN_DOCUMENTATION_COMMENTS = YES;
				CLANG_WARN_EMPTY_BODY = YES;
				CLANG_WARN_ENUM_CONVERSION = YES;
				CLANG_WARN_INFINITE_RECURSION = YES;
				CLANG_WARN_INT_CONVERSION = YES;
				CLANG_WARN_NON_LITERAL_NULL_CONVERSION = YES;
				CLANG_WARN_OBJC_IMPLICIT_RETAIN_SELF = YES;
				CLANG_WARN_OBJC_LITERAL_CONVERSION = YES;
				CLANG_WARN_OBJC_ROOT_CLASS = YES_ERROR;
				CLANG_WARN_QUOTED_INCLUDE_IN_FRAMEWORK_HEADER = YES;
				CLANG_WARN_RANGE_LOOP_ANALYSIS = YES;
				CLANG_WARN_STRICT_PROTOTYPES = YES;
				CLANG_WARN_SUSPICIOUS_MOVE = YES;
				CLANG_WARN_UNGUARDED_AVAILABILITY = YES_AGGRESSIVE;
				CLANG_WARN_UNREACHABLE_CODE = YES;
				CLANG_WARN__DUPLICATE_METHOD_MATCH = YES;
				COPY_PHASE_STRIP = NO;
				DEBUG_INFORMATION_FORMAT = "dwarf-with-dsym";
				ENABLE_NS_ASSERTIONS = NO;
				ENABLE_STRICT_OBJC_MSGSEND = YES;
				GCC_C_LANGUAGE_STANDARD = gnu11;
				GCC_NO_COMMON_BLOCKS = YES;
				GCC_WARN_64_TO_32_BIT_CONVERSION = YES;
				GCC_WARN_ABOUT_RETURN_TYPE = YES_ERROR;
				GCC_WARN_UNDECLARED_SELECTOR = YES;
				GCC_WARN_UNINITIALIZED_AUTOS = YES_AGGRESSIVE;
				GCC_WARN_UNUSED_FUNCTION = YES;
				GCC_WARN_UNUSED_VARIABLE = YES;
				IPHONEOS_DEPLOYMENT_TARGET = 16.4;
				MTL_ENABLE_DEBUG_INFO = NO;
				MTL_FAST_MATH = YES;
				SDKROOT = iphoneos;
				SWIFT_COMPILATION_MODE = wholemodule;
				SWIFT_OPTIMIZATION_LEVEL = "-O";
				VALIDATE_PRODUCT = YES;
			};
			name = Release;
		};
		85B31A912A8E7107007FBD0E /* Debug */ = {
			isa = XCBuildConfiguration;
			buildSettings = {
				ASSETCATALOG_COMPILER_APPICON_NAME = AppIcon;
				ASSETCATALOG_COMPILER_GLOBAL_ACCENT_COLOR_NAME = AccentColor;
				CODE_SIGN_STYLE = Automatic;
				CURRENT_PROJECT_VERSION = 1;
				DEVELOPMENT_TEAM = NWPYC5C8JF;
				GENERATE_INFOPLIST_FILE = YES;
				INFOPLIST_FILE = RealmKakeibo/Info.plist;
				INFOPLIST_KEY_UIApplicationSupportsIndirectInputEvents = YES;
				INFOPLIST_KEY_UILaunchStoryboardName = LaunchScreen;
				INFOPLIST_KEY_UIMainStoryboardFile = Main;
				INFOPLIST_KEY_UISupportedInterfaceOrientations_iPad = "UIInterfaceOrientationPortrait UIInterfaceOrientationPortraitUpsideDown UIInterfaceOrientationLandscapeLeft UIInterfaceOrientationLandscapeRight";
				INFOPLIST_KEY_UISupportedInterfaceOrientations_iPhone = "UIInterfaceOrientationPortrait UIInterfaceOrientationLandscapeLeft UIInterfaceOrientationLandscapeRight";
				LD_RUNPATH_SEARCH_PATHS = (
					"$(inherited)",
					"@executable_path/Frameworks",
				);
				MARKETING_VERSION = 1.0;
				PRODUCT_BUNDLE_IDENTIFIER = com.kudoayana.RealmKakeibo;
				PRODUCT_NAME = "$(TARGET_NAME)";
				SWIFT_EMIT_LOC_STRINGS = YES;
				SWIFT_VERSION = 5.0;
				TARGETED_DEVICE_FAMILY = "1,2";
			};
			name = Debug;
		};
		85B31A922A8E7107007FBD0E /* Release */ = {
			isa = XCBuildConfiguration;
			buildSettings = {
				ASSETCATALOG_COMPILER_APPICON_NAME = AppIcon;
				ASSETCATALOG_COMPILER_GLOBAL_ACCENT_COLOR_NAME = AccentColor;
				CODE_SIGN_STYLE = Automatic;
				CURRENT_PROJECT_VERSION = 1;
				DEVELOPMENT_TEAM = NWPYC5C8JF;
				GENERATE_INFOPLIST_FILE = YES;
				INFOPLIST_FILE = RealmKakeibo/Info.plist;
				INFOPLIST_KEY_UIApplicationSupportsIndirectInputEvents = YES;
				INFOPLIST_KEY_UILaunchStoryboardName = LaunchScreen;
				INFOPLIST_KEY_UIMainStoryboardFile = Main;
				INFOPLIST_KEY_UISupportedInterfaceOrientations_iPad = "UIInterfaceOrientationPortrait UIInterfaceOrientationPortraitUpsideDown UIInterfaceOrientationLandscapeLeft UIInterfaceOrientationLandscapeRight";
				INFOPLIST_KEY_UISupportedInterfaceOrientations_iPhone = "UIInterfaceOrientationPortrait UIInterfaceOrientationLandscapeLeft UIInterfaceOrientationLandscapeRight";
				LD_RUNPATH_SEARCH_PATHS = (
					"$(inherited)",
					"@executable_path/Frameworks",
				);
				MARKETING_VERSION = 1.0;
				PRODUCT_BUNDLE_IDENTIFIER = com.kudoayana.RealmKakeibo;
				PRODUCT_NAME = "$(TARGET_NAME)";
				SWIFT_EMIT_LOC_STRINGS = YES;
				SWIFT_VERSION = 5.0;
				TARGETED_DEVICE_FAMILY = "1,2";
			};
			name = Release;
		};
		85B31A942A8E7107007FBD0E /* Debug */ = {
			isa = XCBuildConfiguration;
			buildSettings = {
				ALWAYS_EMBED_SWIFT_STANDARD_LIBRARIES = YES;
				BUNDLE_LOADER = "$(TEST_HOST)";
				CODE_SIGN_STYLE = Automatic;
				CURRENT_PROJECT_VERSION = 1;
				DEVELOPMENT_TEAM = NWPYC5C8JF;
				GENERATE_INFOPLIST_FILE = YES;
				IPHONEOS_DEPLOYMENT_TARGET = 16.4;
				MARKETING_VERSION = 1.0;
				PRODUCT_BUNDLE_IDENTIFIER = com.kudoayana.RealmKakeiboTests;
				PRODUCT_NAME = "$(TARGET_NAME)";
				SWIFT_EMIT_LOC_STRINGS = NO;
				SWIFT_VERSION = 5.0;
				TARGETED_DEVICE_FAMILY = "1,2";
				TEST_HOST = "$(BUILT_PRODUCTS_DIR)/RealmKakeibo.app/$(BUNDLE_EXECUTABLE_FOLDER_PATH)/RealmKakeibo";
			};
			name = Debug;
		};
		85B31A952A8E7107007FBD0E /* Release */ = {
			isa = XCBuildConfiguration;
			buildSettings = {
				ALWAYS_EMBED_SWIFT_STANDARD_LIBRARIES = YES;
				BUNDLE_LOADER = "$(TEST_HOST)";
				CODE_SIGN_STYLE = Automatic;
				CURRENT_PROJECT_VERSION = 1;
				DEVELOPMENT_TEAM = NWPYC5C8JF;
				GENERATE_INFOPLIST_FILE = YES;
				IPHONEOS_DEPLOYMENT_TARGET = 16.4;
				MARKETING_VERSION = 1.0;
				PRODUCT_BUNDLE_IDENTIFIER = com.kudoayana.RealmKakeiboTests;
				PRODUCT_NAME = "$(TARGET_NAME)";
				SWIFT_EMIT_LOC_STRINGS = NO;
				SWIFT_VERSION = 5.0;
				TARGETED_DEVICE_FAMILY = "1,2";
				TEST_HOST = "$(BUILT_PRODUCTS_DIR)/RealmKakeibo.app/$(BUNDLE_EXECUTABLE_FOLDER_PATH)/RealmKakeibo";
			};
			name = Release;
		};
		85B31A972A8E7107007FBD0E /* Debug */ = {
			isa = XCBuildConfiguration;
			buildSettings = {
				ALWAYS_EMBED_SWIFT_STANDARD_LIBRARIES = YES;
				CODE_SIGN_STYLE = Automatic;
				CURRENT_PROJECT_VERSION = 1;
				DEVELOPMENT_TEAM = NWPYC5C8JF;
				GENERATE_INFOPLIST_FILE = YES;
				MARKETING_VERSION = 1.0;
				PRODUCT_BUNDLE_IDENTIFIER = com.kudoayana.RealmKakeiboUITests;
				PRODUCT_NAME = "$(TARGET_NAME)";
				SWIFT_EMIT_LOC_STRINGS = NO;
				SWIFT_VERSION = 5.0;
				TARGETED_DEVICE_FAMILY = "1,2";
				TEST_TARGET_NAME = RealmKakeibo;
			};
			name = Debug;
		};
		85B31A982A8E7107007FBD0E /* Release */ = {
			isa = XCBuildConfiguration;
			buildSettings = {
				ALWAYS_EMBED_SWIFT_STANDARD_LIBRARIES = YES;
				CODE_SIGN_STYLE = Automatic;
				CURRENT_PROJECT_VERSION = 1;
				DEVELOPMENT_TEAM = NWPYC5C8JF;
				GENERATE_INFOPLIST_FILE = YES;
				MARKETING_VERSION = 1.0;
				PRODUCT_BUNDLE_IDENTIFIER = com.kudoayana.RealmKakeiboUITests;
				PRODUCT_NAME = "$(TARGET_NAME)";
				SWIFT_EMIT_LOC_STRINGS = NO;
				SWIFT_VERSION = 5.0;
				TARGETED_DEVICE_FAMILY = "1,2";
				TEST_TARGET_NAME = RealmKakeibo;
			};
			name = Release;
		};
/* End XCBuildConfiguration section */

/* Begin XCConfigurationList section */
		85B31A612A8E7104007FBD0E /* Build configuration list for PBXProject "RealmKakeibo" */ = {
			isa = XCConfigurationList;
			buildConfigurations = (
				85B31A8E2A8E7107007FBD0E /* Debug */,
				85B31A8F2A8E7107007FBD0E /* Release */,
			);
			defaultConfigurationIsVisible = 0;
			defaultConfigurationName = Release;
		};
		85B31A902A8E7107007FBD0E /* Build configuration list for PBXNativeTarget "RealmKakeibo" */ = {
			isa = XCConfigurationList;
			buildConfigurations = (
				85B31A912A8E7107007FBD0E /* Debug */,
				85B31A922A8E7107007FBD0E /* Release */,
			);
			defaultConfigurationIsVisible = 0;
			defaultConfigurationName = Release;
		};
		85B31A932A8E7107007FBD0E /* Build configuration list for PBXNativeTarget "RealmKakeiboTests" */ = {
			isa = XCConfigurationList;
			buildConfigurations = (
				85B31A942A8E7107007FBD0E /* Debug */,
				85B31A952A8E7107007FBD0E /* Release */,
			);
			defaultConfigurationIsVisible = 0;
			defaultConfigurationName = Release;
		};
		85B31A962A8E7107007FBD0E /* Build configuration list for PBXNativeTarget "RealmKakeiboUITests" */ = {
			isa = XCConfigurationList;
			buildConfigurations = (
				85B31A972A8E7107007FBD0E /* Debug */,
				85B31A982A8E7107007FBD0E /* Release */,
			);
			defaultConfigurationIsVisible = 0;
			defaultConfigurationName = Release;
		};
/* End XCConfigurationList section */

/* Begin XCRemoteSwiftPackageReference section */
		85B31A992A8E736F007FBD0E /* XCRemoteSwiftPackageReference "realm-swift" */ = {
			isa = XCRemoteSwiftPackageReference;
			repositoryURL = "https://github.com/realm/realm-swift";
			requirement = {
				branch = master;
				kind = branch;
			};
		};
/* End XCRemoteSwiftPackageReference section */

/* Begin XCSwiftPackageProductDependency section */
		85B31A9A2A8E736F007FBD0E /* Realm */ = {
			isa = XCSwiftPackageProductDependency;
			package = 85B31A992A8E736F007FBD0E /* XCRemoteSwiftPackageReference "realm-swift" */;
			productName = Realm;
		};
		85B31A9C2A8E736F007FBD0E /* RealmSwift */ = {
			isa = XCSwiftPackageProductDependency;
			package = 85B31A992A8E736F007FBD0E /* XCRemoteSwiftPackageReference "realm-swift" */;
			productName = RealmSwift;
		};
/* End XCSwiftPackageProductDependency section */
	};
	rootObject = 85B31A5E2A8E7104007FBD0E /* Project object */;
}
